
Microsoft Visual Studio Solution File, Format Version 12.00
# Visual Studio Version 17
VisualStudioVersion = 17.0.32014.148
MinimumVisualStudioVersion = 10.0.40219.1
Project("{9A19103F-16F7-4668-BE54-9A1E7A4F7556}") = "DiscordBotMonitor", "DiscordBotMonitor\DiscordBotMonitor.csproj", "{3987D665-36D4-4AAA-849A-D64477E885D6}"
EndProject
Global
	GlobalSection(SolutionConfigurationPlatforms) = preSolution
		Debug|Any CPU = Debug|Any CPU
		Release|Any CPU = Release|Any CPU
	EndGlobalSection
	GlobalSection(ProjectConfigurationPlatforms) = postSolution
		{3987D665-36D4-4AAA-849A-D64477E885D6}.Debug|Any CPU.ActiveCfg = Debug|Any CPU
		{3987D665-36D4-4AAA-849A-D64477E885D6}.Debug|Any CPU.Build.0 = Debug|Any CPU
		{3987D665-36D4-4AAA-849A-D64477E885D6}.Release|Any CPU.ActiveCfg = Release|Any CPU
		{3987D665-36D4-4AAA-849A-D64477E885D6}.Release|Any CPU.Build.0 = Release|Any CPU
	EndGlobalSection
	GlobalSection(SolutionProperties) = preSolution
		HideSolutionNode = FALSE
	EndGlobalSection
	GlobalSection(ExtensibilityGlobals) = postSolution
		SolutionGuid = {CF090967-247A-4067-996C-AA442D473CC7}
	EndGlobalSection
EndGlobal
